{
    "version": 3,
    "terraform_version": "0.11.8",
    "serial": 9,
    "lineage": "4f472cef-cde2-3846-932b-9af396525f9f",
    "modules": [
        {
            "path": [
                "root"
            ],
            "outputs": {},
            "resources": {
                "aws_instance.master": {
                    "type": "aws_instance",
                    "depends_on": [
                        "aws_security_group.openshift-public-egress",
                        "aws_security_group.openshift-public-ingress",
                        "aws_security_group.openshift-vpc",
                        "aws_subnet.public-subnet",
                        "data.aws_ami.amazonlinux"
                    ],
                    "primary": {
                        "id": "i-0a12a962d13a09b3f",
                        "attributes": {
                            "ami": "ami-0912f71e06545ad88",
                            "arn": "arn:aws:ec2:ap-south-1:917449264944:instance/i-0a12a962d13a09b3f",
                            "associate_public_ip_address": "true",
                            "availability_zone": "ap-south-1a",
                            "cpu_core_count": "2",
                            "cpu_threads_per_core": "2",
                            "credit_specification.#": "1",
                            "credit_specification.0.cpu_credits": "standard",
                            "disable_api_termination": "false",
                            "ebs_block_device.#": "1",
                            "ebs_block_device.2659407853.delete_on_termination": "true",
                            "ebs_block_device.2659407853.device_name": "/dev/sdf",
                            "ebs_block_device.2659407853.encrypted": "false",
                            "ebs_block_device.2659407853.iops": "0",
                            "ebs_block_device.2659407853.snapshot_id": "",
                            "ebs_block_device.2659407853.volume_id": "vol-050a1cb3bab936e35",
                            "ebs_block_device.2659407853.volume_size": "80",
                            "ebs_block_device.2659407853.volume_type": "standard",
                            "ebs_optimized": "false",
                            "ephemeral_block_device.#": "0",
                            "get_password_data": "false",
                            "iam_instance_profile": "",
                            "id": "i-0a12a962d13a09b3f",
                            "instance_state": "running",
                            "instance_type": "m4.xlarge",
                            "ipv6_addresses.#": "0",
                            "key_name": "openshift",
                            "monitoring": "false",
                            "network_interface.#": "0",
                            "network_interface_id": "eni-03ea3010dcfe8b9c7",
                            "password_data": "",
                            "placement_group": "",
                            "primary_network_interface_id": "eni-03ea3010dcfe8b9c7",
                            "private_dns": "ip-10-0-1-57.ap-south-1.compute.internal",
                            "private_ip": "10.0.1.57",
                            "public_dns": "ec2-35-154-250-142.ap-south-1.compute.amazonaws.com",
                            "public_ip": "35.154.250.142",
                            "root_block_device.#": "1",
                            "root_block_device.0.delete_on_termination": "true",
                            "root_block_device.0.iops": "0",
                            "root_block_device.0.volume_id": "vol-062c224bca900fe3f",
                            "root_block_device.0.volume_size": "50",
                            "root_block_device.0.volume_type": "standard",
                            "security_groups.#": "0",
                            "source_dest_check": "true",
                            "subnet_id": "subnet-09e9db8d8c448eec7",
                            "tags.%": "4",
                            "tags.Name": "OpenShift Master",
                            "tags.Project": "openshift",
                            "tags.TTL": "-1",
                            "tags.owner": "",
                            "tenancy": "default",
                            "volume_tags.%": "0",
                            "vpc_security_group_ids.#": "3",
                            "vpc_security_group_ids.1672760701": "sg-07812571678f87a24",
                            "vpc_security_group_ids.338317315": "sg-0bf8cd0dc96036d87",
                            "vpc_security_group_ids.7890536": "sg-083f69194a9c44142"
                        },
                        "meta": {
                            "e2bfb730-ecaa-11e6-8f88-34363bc7c4c0": {
                                "create": 600000000000,
                                "delete": 1200000000000,
                                "update": 600000000000
                            },
                            "schema_version": "1"
                        },
                        "tainted": false
                    },
                    "deposed": [],
                    "provider": "provider.aws"
                },
                "aws_instance.node1": {
                    "type": "aws_instance",
                    "depends_on": [
                        "aws_security_group.openshift-public-egress",
                        "aws_security_group.openshift-public-ingress",
                        "aws_security_group.openshift-vpc",
                        "aws_subnet.public-subnet",
                        "data.aws_ami.amazonlinux"
                    ],
                    "primary": {
                        "id": "i-0ad29823e467b1dcc",
                        "attributes": {
                            "ami": "ami-0912f71e06545ad88",
                            "arn": "arn:aws:ec2:ap-south-1:917449264944:instance/i-0ad29823e467b1dcc",
                            "associate_public_ip_address": "true",
                            "availability_zone": "ap-south-1a",
                            "cpu_core_count": "1",
                            "cpu_threads_per_core": "2",
                            "credit_specification.#": "1",
                            "credit_specification.0.cpu_credits": "standard",
                            "disable_api_termination": "false",
                            "ebs_block_device.#": "1",
                            "ebs_block_device.2659407853.delete_on_termination": "true",
                            "ebs_block_device.2659407853.device_name": "/dev/sdf",
                            "ebs_block_device.2659407853.encrypted": "false",
                            "ebs_block_device.2659407853.iops": "0",
                            "ebs_block_device.2659407853.snapshot_id": "",
                            "ebs_block_device.2659407853.volume_id": "vol-054c3577280d25b4e",
                            "ebs_block_device.2659407853.volume_size": "80",
                            "ebs_block_device.2659407853.volume_type": "standard",
                            "ebs_optimized": "false",
                            "ephemeral_block_device.#": "0",
                            "get_password_data": "false",
                            "iam_instance_profile": "",
                            "id": "i-0ad29823e467b1dcc",
                            "instance_state": "running",
                            "instance_type": "m4.large",
                            "ipv6_addresses.#": "0",
                            "key_name": "openshift",
                            "monitoring": "false",
                            "network_interface.#": "0",
                            "network_interface_id": "eni-0e565dcb0ef8cdad1",
                            "password_data": "",
                            "placement_group": "",
                            "primary_network_interface_id": "eni-0e565dcb0ef8cdad1",
                            "private_dns": "ip-10-0-1-35.ap-south-1.compute.internal",
                            "private_ip": "10.0.1.35",
                            "public_dns": "ec2-52-66-204-59.ap-south-1.compute.amazonaws.com",
                            "public_ip": "52.66.204.59",
                            "root_block_device.#": "1",
                            "root_block_device.0.delete_on_termination": "true",
                            "root_block_device.0.iops": "0",
                            "root_block_device.0.volume_id": "vol-01b076868f76b8b2b",
                            "root_block_device.0.volume_size": "50",
                            "root_block_device.0.volume_type": "standard",
                            "security_groups.#": "0",
                            "source_dest_check": "true",
                            "subnet_id": "subnet-09e9db8d8c448eec7",
                            "tags.%": "4",
                            "tags.Name": "OpenShift Node 1",
                            "tags.Project": "openshift",
                            "tags.TTL": "-1",
                            "tags.owner": "",
                            "tenancy": "default",
                            "volume_tags.%": "0",
                            "vpc_security_group_ids.#": "3",
                            "vpc_security_group_ids.1672760701": "sg-07812571678f87a24",
                            "vpc_security_group_ids.338317315": "sg-0bf8cd0dc96036d87",
                            "vpc_security_group_ids.7890536": "sg-083f69194a9c44142"
                        },
                        "meta": {
                            "e2bfb730-ecaa-11e6-8f88-34363bc7c4c0": {
                                "create": 600000000000,
                                "delete": 1200000000000,
                                "update": 600000000000
                            },
                            "schema_version": "1"
                        },
                        "tainted": false
                    },
                    "deposed": [],
                    "provider": "provider.aws"
                },
                "aws_internet_gateway.openshift": {
                    "type": "aws_internet_gateway",
                    "depends_on": [
                        "aws_vpc.openshift"
                    ],
                    "primary": {
                        "id": "igw-0fc3fea0687823891",
                        "attributes": {
                            "id": "igw-0fc3fea0687823891",
                            "tags.%": "2",
                            "tags.Name": "OpenShift IGW",
                            "tags.Project": "openshift",
                            "vpc_id": "vpc-03eacd9b0b7e756d7"
                        },
                        "meta": {},
                        "tainted": false
                    },
                    "deposed": [],
                    "provider": "provider.aws"
                },
                "aws_key_pair.openshift": {
                    "type": "aws_key_pair",
                    "depends_on": [],
                    "primary": {
                        "id": "openshift",
                        "attributes": {
                            "fingerprint": "01:1b:92:3d:2d:a9:45:2c:9a:f8:6a:0f:08:b4:dd:e2",
                            "id": "openshift",
                            "key_name": "openshift",
                            "public_key": "ssh-rsa AAAAB3NzaC1yc2EAAAADAQABAAABAQDSy1exaHf3hAlXku9ggZWWQ8cvmwGpXiYrL30XUHOUeF7Kv1OBykiAV3T8dPbV+wH5VTEcsnmBH7eLwA4gEMaHRyj1925PDy8ffySM82D1WUwbNvyoTZSxHEvRLzAfRDH/ud9xyYyeG5axA+QUs/rxMgrSCd/DT4dsbWNekYhY/nqshpPjDOmReiM7sTzrHv8QD8XuthAaICONDl6dG6gv12GWrBaga5KoMrq7WUVRrJpzigI+K/4Venfi0XsC8OzW32DIqCmkLycZS+PrwSxZDicnUU4anC0SywCB2qEIWMo6Hn+LId2uOAbB/eEQ3t8HqBwf85T8yuOB76PTkZVJ a602276@MC0A1CJC"
                        },
                        "meta": {
                            "schema_version": "1"
                        },
                        "tainted": false
                    },
                    "deposed": [],
                    "provider": "provider.aws"
                },
                "aws_route53_record.master-a-record": {
                    "type": "aws_route53_record",
                    "depends_on": [
                        "aws_instance.master",
                        "aws_route53_zone.internal"
                    ],
                    "primary": {
                        "id": "Z2BZTE6DMXG9X5_master.openshift.local_A",
                        "attributes": {
                            "allow_overwrite": "true",
                            "fqdn": "master.openshift.local",
                            "id": "Z2BZTE6DMXG9X5_master.openshift.local_A",
                            "name": "master.openshift.local",
                            "records.#": "1",
                            "records.3746551004": "10.0.1.57",
                            "ttl": "300",
                            "type": "A",
                            "zone_id": "Z2BZTE6DMXG9X5"
                        },
                        "meta": {
                            "schema_version": "2"
                        },
                        "tainted": false
                    },
                    "deposed": [],
                    "provider": "provider.aws"
                },
                "aws_route53_record.node1-a-record": {
                    "type": "aws_route53_record",
                    "depends_on": [
                        "aws_instance.node1",
                        "aws_route53_zone.internal"
                    ],
                    "primary": {
                        "id": "Z2BZTE6DMXG9X5_node1.openshift.local_A",
                        "attributes": {
                            "allow_overwrite": "true",
                            "fqdn": "node1.openshift.local",
                            "id": "Z2BZTE6DMXG9X5_node1.openshift.local_A",
                            "name": "node1.openshift.local",
                            "records.#": "1",
                            "records.1729827446": "10.0.1.35",
                            "ttl": "300",
                            "type": "A",
                            "zone_id": "Z2BZTE6DMXG9X5"
                        },
                        "meta": {
                            "schema_version": "2"
                        },
                        "tainted": false
                    },
                    "deposed": [],
                    "provider": "provider.aws"
                },
                "aws_route53_zone.internal": {
                    "type": "aws_route53_zone",
                    "depends_on": [
                        "aws_vpc.openshift"
                    ],
                    "primary": {
                        "id": "Z2BZTE6DMXG9X5",
                        "attributes": {
                            "comment": "OpenShift Cluster Internal DNS",
                            "force_destroy": "false",
                            "id": "Z2BZTE6DMXG9X5",
                            "name": "openshift.local",
                            "name_servers.#": "4",
                            "name_servers.0": "ns-0.awsdns-00.com.",
                            "name_servers.1": "ns-1024.awsdns-00.org.",
                            "name_servers.2": "ns-1536.awsdns-00.co.uk.",
                            "name_servers.3": "ns-512.awsdns-00.net.",
                            "tags.%": "2",
                            "tags.Name": "OpenShift Internal DNS",
                            "tags.Project": "openshift",
                            "vpc_id": "vpc-03eacd9b0b7e756d7",
                            "vpc_region": "ap-south-1",
                            "zone_id": "Z2BZTE6DMXG9X5"
                        },
                        "meta": {},
                        "tainted": false
                    },
                    "deposed": [],
                    "provider": "provider.aws"
                },
                "aws_route_table.public": {
                    "type": "aws_route_table",
                    "depends_on": [
                        "aws_internet_gateway.openshift",
                        "aws_vpc.openshift"
                    ],
                    "primary": {
                        "id": "rtb-015a93cdae828b11a",
                        "attributes": {
                            "id": "rtb-015a93cdae828b11a",
                            "propagating_vgws.#": "0",
                            "route.#": "1",
                            "route.2810766040.cidr_block": "0.0.0.0/0",
                            "route.2810766040.egress_only_gateway_id": "",
                            "route.2810766040.gateway_id": "igw-0fc3fea0687823891",
                            "route.2810766040.instance_id": "",
                            "route.2810766040.ipv6_cidr_block": "",
                            "route.2810766040.nat_gateway_id": "",
                            "route.2810766040.network_interface_id": "",
                            "route.2810766040.vpc_peering_connection_id": "",
                            "tags.%": "2",
                            "tags.Name": "OpenShift Public Route Table",
                            "tags.Project": "openshift",
                            "vpc_id": "vpc-03eacd9b0b7e756d7"
                        },
                        "meta": {},
                        "tainted": false
                    },
                    "deposed": [],
                    "provider": "provider.aws"
                },
                "aws_route_table_association.public-subnet": {
                    "type": "aws_route_table_association",
                    "depends_on": [
                        "aws_route_table.public",
                        "aws_subnet.public-subnet"
                    ],
                    "primary": {
                        "id": "rtbassoc-0f897b83a05259b1b",
                        "attributes": {
                            "id": "rtbassoc-0f897b83a05259b1b",
                            "route_table_id": "rtb-015a93cdae828b11a",
                            "subnet_id": "subnet-09e9db8d8c448eec7"
                        },
                        "meta": {},
                        "tainted": false
                    },
                    "deposed": [],
                    "provider": "provider.aws"
                },
                "aws_security_group.openshift-public-egress": {
                    "type": "aws_security_group",
                    "depends_on": [
                        "aws_vpc.openshift"
                    ],
                    "primary": {
                        "id": "sg-07812571678f87a24",
                        "attributes": {
                            "arn": "arn:aws:ec2:ap-south-1:917449264944:security-group/sg-07812571678f87a24",
                            "description": "Security group that allows egress to the internet for instances over HTTP and HTTPS.",
                            "egress.#": "3",
                            "egress.216457426.cidr_blocks.#": "1",
                            "egress.216457426.cidr_blocks.0": "0.0.0.0/0",
                            "egress.216457426.description": "",
                            "egress.216457426.from_port": "8200",
                            "egress.216457426.ipv6_cidr_blocks.#": "0",
                            "egress.216457426.prefix_list_ids.#": "0",
                            "egress.216457426.protocol": "tcp",
                            "egress.216457426.security_groups.#": "0",
                            "egress.216457426.self": "false",
                            "egress.216457426.to_port": "8200",
                            "egress.2214680975.cidr_blocks.#": "1",
                            "egress.2214680975.cidr_blocks.0": "0.0.0.0/0",
                            "egress.2214680975.description": "",
                            "egress.2214680975.from_port": "80",
                            "egress.2214680975.ipv6_cidr_blocks.#": "0",
                            "egress.2214680975.prefix_list_ids.#": "0",
                            "egress.2214680975.protocol": "tcp",
                            "egress.2214680975.security_groups.#": "0",
                            "egress.2214680975.self": "false",
                            "egress.2214680975.to_port": "80",
                            "egress.2617001939.cidr_blocks.#": "1",
                            "egress.2617001939.cidr_blocks.0": "0.0.0.0/0",
                            "egress.2617001939.description": "",
                            "egress.2617001939.from_port": "443",
                            "egress.2617001939.ipv6_cidr_blocks.#": "0",
                            "egress.2617001939.prefix_list_ids.#": "0",
                            "egress.2617001939.protocol": "tcp",
                            "egress.2617001939.security_groups.#": "0",
                            "egress.2617001939.self": "false",
                            "egress.2617001939.to_port": "443",
                            "id": "sg-07812571678f87a24",
                            "ingress.#": "0",
                            "name": "openshift-public-egress",
                            "owner_id": "917449264944",
                            "revoke_rules_on_delete": "false",
                            "tags.%": "2",
                            "tags.Name": "OpenShift Public Access",
                            "tags.Project": "openshift",
                            "vpc_id": "vpc-03eacd9b0b7e756d7"
                        },
                        "meta": {
                            "e2bfb730-ecaa-11e6-8f88-34363bc7c4c0": {
                                "create": 600000000000,
                                "delete": 600000000000
                            },
                            "schema_version": "1"
                        },
                        "tainted": false
                    },
                    "deposed": [],
                    "provider": "provider.aws"
                },
                "aws_security_group.openshift-public-ingress": {
                    "type": "aws_security_group",
                    "depends_on": [
                        "aws_vpc.openshift"
                    ],
                    "primary": {
                        "id": "sg-083f69194a9c44142",
                        "attributes": {
                            "arn": "arn:aws:ec2:ap-south-1:917449264944:security-group/sg-083f69194a9c44142",
                            "description": "Security group that allows public ingress to instances, HTTP, HTTPS and more.",
                            "egress.#": "0",
                            "id": "sg-083f69194a9c44142",
                            "ingress.#": "4",
                            "ingress.2214680975.cidr_blocks.#": "1",
                            "ingress.2214680975.cidr_blocks.0": "0.0.0.0/0",
                            "ingress.2214680975.description": "",
                            "ingress.2214680975.from_port": "80",
                            "ingress.2214680975.ipv6_cidr_blocks.#": "0",
                            "ingress.2214680975.prefix_list_ids.#": "0",
                            "ingress.2214680975.protocol": "tcp",
                            "ingress.2214680975.security_groups.#": "0",
                            "ingress.2214680975.self": "false",
                            "ingress.2214680975.to_port": "80",
                            "ingress.2617001939.cidr_blocks.#": "1",
                            "ingress.2617001939.cidr_blocks.0": "0.0.0.0/0",
                            "ingress.2617001939.description": "",
                            "ingress.2617001939.from_port": "443",
                            "ingress.2617001939.ipv6_cidr_blocks.#": "0",
                            "ingress.2617001939.prefix_list_ids.#": "0",
                            "ingress.2617001939.protocol": "tcp",
                            "ingress.2617001939.security_groups.#": "0",
                            "ingress.2617001939.self": "false",
                            "ingress.2617001939.to_port": "443",
                            "ingress.2715662207.cidr_blocks.#": "1",
                            "ingress.2715662207.cidr_blocks.0": "0.0.0.0/0",
                            "ingress.2715662207.description": "",
                            "ingress.2715662207.from_port": "8443",
                            "ingress.2715662207.ipv6_cidr_blocks.#": "0",
                            "ingress.2715662207.prefix_list_ids.#": "0",
                            "ingress.2715662207.protocol": "tcp",
                            "ingress.2715662207.security_groups.#": "0",
                            "ingress.2715662207.self": "false",
                            "ingress.2715662207.to_port": "8443",
                            "ingress.516175195.cidr_blocks.#": "1",
                            "ingress.516175195.cidr_blocks.0": "0.0.0.0/0",
                            "ingress.516175195.description": "",
                            "ingress.516175195.from_port": "8080",
                            "ingress.516175195.ipv6_cidr_blocks.#": "0",
                            "ingress.516175195.prefix_list_ids.#": "0",
                            "ingress.516175195.protocol": "tcp",
                            "ingress.516175195.security_groups.#": "0",
                            "ingress.516175195.self": "false",
                            "ingress.516175195.to_port": "8080",
                            "name": "openshift-public-ingress",
                            "owner_id": "917449264944",
                            "revoke_rules_on_delete": "false",
                            "tags.%": "2",
                            "tags.Name": "OpenShift Public Access",
                            "tags.Project": "openshift",
                            "vpc_id": "vpc-03eacd9b0b7e756d7"
                        },
                        "meta": {
                            "e2bfb730-ecaa-11e6-8f88-34363bc7c4c0": {
                                "create": 600000000000,
                                "delete": 600000000000
                            },
                            "schema_version": "1"
                        },
                        "tainted": false
                    },
                    "deposed": [],
                    "provider": "provider.aws"
                },
                "aws_security_group.openshift-ssh": {
                    "type": "aws_security_group",
                    "depends_on": [
                        "aws_vpc.openshift"
                    ],
                    "primary": {
                        "id": "sg-08ad9af8836dd4e9e",
                        "attributes": {
                            "arn": "arn:aws:ec2:ap-south-1:917449264944:security-group/sg-08ad9af8836dd4e9e",
                            "description": "Security group that allows public ingress over SSH.",
                            "egress.#": "0",
                            "id": "sg-08ad9af8836dd4e9e",
                            "ingress.#": "1",
                            "ingress.2541437006.cidr_blocks.#": "1",
                            "ingress.2541437006.cidr_blocks.0": "0.0.0.0/0",
                            "ingress.2541437006.description": "",
                            "ingress.2541437006.from_port": "22",
                            "ingress.2541437006.ipv6_cidr_blocks.#": "0",
                            "ingress.2541437006.prefix_list_ids.#": "0",
                            "ingress.2541437006.protocol": "tcp",
                            "ingress.2541437006.security_groups.#": "0",
                            "ingress.2541437006.self": "false",
                            "ingress.2541437006.to_port": "22",
                            "name": "openshift-ssh",
                            "owner_id": "917449264944",
                            "revoke_rules_on_delete": "false",
                            "tags.%": "2",
                            "tags.Name": "OpenShift SSH Access",
                            "tags.Project": "openshift",
                            "vpc_id": "vpc-03eacd9b0b7e756d7"
                        },
                        "meta": {
                            "e2bfb730-ecaa-11e6-8f88-34363bc7c4c0": {
                                "create": 600000000000,
                                "delete": 600000000000
                            },
                            "schema_version": "1"
                        },
                        "tainted": false
                    },
                    "deposed": [],
                    "provider": "provider.aws"
                },
                "aws_security_group.openshift-vpc": {
                    "type": "aws_security_group",
                    "depends_on": [
                        "aws_vpc.openshift"
                    ],
                    "primary": {
                        "id": "sg-0bf8cd0dc96036d87",
                        "attributes": {
                            "arn": "arn:aws:ec2:ap-south-1:917449264944:security-group/sg-0bf8cd0dc96036d87",
                            "description": "Default security group that allows all instances in the VPC to talk to each other over any port and protocol.",
                            "egress.#": "1",
                            "egress.753360330.cidr_blocks.#": "0",
                            "egress.753360330.description": "",
                            "egress.753360330.from_port": "0",
                            "egress.753360330.ipv6_cidr_blocks.#": "0",
                            "egress.753360330.prefix_list_ids.#": "0",
                            "egress.753360330.protocol": "-1",
                            "egress.753360330.security_groups.#": "0",
                            "egress.753360330.self": "true",
                            "egress.753360330.to_port": "0",
                            "id": "sg-0bf8cd0dc96036d87",
                            "ingress.#": "1",
                            "ingress.753360330.cidr_blocks.#": "0",
                            "ingress.753360330.description": "",
                            "ingress.753360330.from_port": "0",
                            "ingress.753360330.ipv6_cidr_blocks.#": "0",
                            "ingress.753360330.prefix_list_ids.#": "0",
                            "ingress.753360330.protocol": "-1",
                            "ingress.753360330.security_groups.#": "0",
                            "ingress.753360330.self": "true",
                            "ingress.753360330.to_port": "0",
                            "name": "openshift-vpc",
                            "owner_id": "917449264944",
                            "revoke_rules_on_delete": "false",
                            "tags.%": "2",
                            "tags.Name": "OpenShift Internal VPC",
                            "tags.Project": "openshift",
                            "vpc_id": "vpc-03eacd9b0b7e756d7"
                        },
                        "meta": {
                            "e2bfb730-ecaa-11e6-8f88-34363bc7c4c0": {
                                "create": 600000000000,
                                "delete": 600000000000
                            },
                            "schema_version": "1"
                        },
                        "tainted": false
                    },
                    "deposed": [],
                    "provider": "provider.aws"
                },
                "aws_subnet.public-subnet": {
                    "type": "aws_subnet",
                    "depends_on": [
                        "aws_internet_gateway.openshift",
                        "aws_vpc.openshift"
                    ],
                    "primary": {
                        "id": "subnet-09e9db8d8c448eec7",
                        "attributes": {
                            "arn": "arn:aws:ec2:ap-south-1:917449264944:subnet/subnet-09e9db8d8c448eec7",
                            "assign_ipv6_address_on_creation": "false",
                            "availability_zone": "ap-south-1a",
                            "cidr_block": "10.0.1.0/24",
                            "id": "subnet-09e9db8d8c448eec7",
                            "map_public_ip_on_launch": "true",
                            "tags.%": "2",
                            "tags.Name": "OpenShift Public Subnet",
                            "tags.Project": "openshift",
                            "vpc_id": "vpc-03eacd9b0b7e756d7"
                        },
                        "meta": {
                            "e2bfb730-ecaa-11e6-8f88-34363bc7c4c0": {
                                "create": 600000000000,
                                "delete": 600000000000
                            },
                            "schema_version": "1"
                        },
                        "tainted": false
                    },
                    "deposed": [],
                    "provider": "provider.aws"
                },
                "aws_vpc.openshift": {
                    "type": "aws_vpc",
                    "depends_on": [],
                    "primary": {
                        "id": "vpc-03eacd9b0b7e756d7",
                        "attributes": {
                            "arn": "arn:aws:ec2:ap-south-1:917449264944:vpc/vpc-03eacd9b0b7e756d7",
                            "assign_generated_ipv6_cidr_block": "false",
                            "cidr_block": "10.0.0.0/16",
                            "default_network_acl_id": "acl-09834f937d095ce9f",
                            "default_route_table_id": "rtb-041e25f626d40f8b0",
                            "default_security_group_id": "sg-07936d0348cbc0b53",
                            "dhcp_options_id": "dopt-971ba1ff",
                            "enable_dns_hostnames": "true",
                            "enable_dns_support": "true",
                            "id": "vpc-03eacd9b0b7e756d7",
                            "instance_tenancy": "default",
                            "main_route_table_id": "rtb-041e25f626d40f8b0",
                            "tags.%": "2",
                            "tags.Name": "OpenShift VPC",
                            "tags.Project": "openshift"
                        },
                        "meta": {
                            "schema_version": "1"
                        },
                        "tainted": false
                    },
                    "deposed": [],
                    "provider": "provider.aws"
                },
                "data.aws_ami.amazonlinux": {
                    "type": "aws_ami",
                    "depends_on": [],
                    "primary": {
                        "id": "ami-0912f71e06545ad88",
                        "attributes": {
                            "architecture": "x86_64",
                            "block_device_mappings.#": "1",
                            "block_device_mappings.340275815.device_name": "/dev/xvda",
                            "block_device_mappings.340275815.ebs.%": "6",
                            "block_device_mappings.340275815.ebs.delete_on_termination": "true",
                            "block_device_mappings.340275815.ebs.encrypted": "false",
                            "block_device_mappings.340275815.ebs.iops": "0",
                            "block_device_mappings.340275815.ebs.snapshot_id": "snap-03baf9b7969006e6b",
                            "block_device_mappings.340275815.ebs.volume_size": "8",
                            "block_device_mappings.340275815.ebs.volume_type": "gp2",
                            "block_device_mappings.340275815.no_device": "",
                            "block_device_mappings.340275815.virtual_name": "",
                            "creation_date": "2018-08-11T02:35:57.000Z",
                            "description": "Amazon Linux AMI 2018.03.0.20180811 x86_64 HVM GP2",
                            "filter.#": "4",
                            "filter.1281954306.name": "root-device-type",
                            "filter.1281954306.values.#": "1",
                            "filter.1281954306.values.0": "ebs",
                            "filter.2313955347.name": "name",
                            "filter.2313955347.values.#": "1",
                            "filter.2313955347.values.0": "amzn-ami-hvm-*",
                            "filter.3386043752.name": "architecture",
                            "filter.3386043752.values.#": "1",
                            "filter.3386043752.values.0": "x86_64",
                            "filter.490168357.name": "virtualization-type",
                            "filter.490168357.values.#": "1",
                            "filter.490168357.values.0": "hvm",
                            "hypervisor": "xen",
                            "id": "ami-0912f71e06545ad88",
                            "image_id": "ami-0912f71e06545ad88",
                            "image_location": "amazon/amzn-ami-hvm-2018.03.0.20180811-x86_64-gp2",
                            "image_owner_alias": "amazon",
                            "image_type": "machine",
                            "most_recent": "true",
                            "name": "amzn-ami-hvm-2018.03.0.20180811-x86_64-gp2",
                            "owner_id": "137112412989",
                            "owners.#": "1",
                            "owners.0": "137112412989",
                            "product_codes.#": "0",
                            "public": "true",
                            "root_device_name": "/dev/xvda",
                            "root_device_type": "ebs",
                            "root_snapshot_id": "snap-03baf9b7969006e6b",
                            "sriov_net_support": "simple",
                            "state": "available",
                            "state_reason.%": "2",
                            "state_reason.code": "UNSET",
                            "state_reason.message": "UNSET",
                            "tags.%": "0",
                            "virtualization_type": "hvm"
                        },
                        "meta": {},
                        "tainted": false
                    },
                    "deposed": [],
                    "provider": "provider.aws"
                }
            },
            "depends_on": []
        }
    ]
}
